// !$*UTF8*$!
{
	archiveVersion = 1;
	classes = {
	};
	objectVersion = 50;
	objects = {

/* Begin PBXBuildFile section */
		3B22108921FE5C450049FDD4 /* AppDelegate.swift in Sources */ = {isa = PBXBuildFile; fileRef = 3B22108821FE5C450049FDD4 /* AppDelegate.swift */; };
		3B22108B21FE5C450049FDD4 /* MyTableVC.swift in Sources */ = {isa = PBXBuildFile; fileRef = 3B22108A21FE5C450049FDD4 /* MyTableVC.swift */; };
		3B22108E21FE5C450049FDD4 /* Main.storyboard in Resources */ = {isa = PBXBuildFile; fileRef = 3B22108C21FE5C450049FDD4 /* Main.storyboard */; };
		3B22109121FE5C450049FDD4 /* CoreData_190127.xcdatamodeld in Sources */ = {isa = PBXBuildFile; fileRef = 3B22108F21FE5C450049FDD4 /* CoreData_190127.xcdatamodeld */; };
		3B22109321FE5C460049FDD4 /* Assets.xcassets in Resources */ = {isa = PBXBuildFile; fileRef = 3B22109221FE5C460049FDD4 /* Assets.xcassets */; };
		3B22109621FE5C460049FDD4 /* LaunchScreen.storyboard in Resources */ = {isa = PBXBuildFile; fileRef = 3B22109421FE5C460049FDD4 /* LaunchScreen.storyboard */; };
		3BF33C8221FFC38D0097B0C1 /* CategoryTableVC.swift in Sources */ = {isa = PBXBuildFile; fileRef = 3BF33C8121FFC38D0097B0C1 /* CategoryTableVC.swift */; };
/* End PBXBuildFile section */

/* Begin PBXFileReference section */
		3B22108521FE5C450049FDD4 /* CoreData_190127.app */ = {isa = PBXFileReference; explicitFileType = wrapper.application; includeInIndex = 0; path = CoreData_190127.app; sourceTree = BUILT_PRODUCTS_DIR; };
		3B22108821FE5C450049FDD4 /* AppDelegate.swift */ = {isa = PBXFileReference; lastKnownFileType = sourcecode.swift; path = AppDelegate.swift; sourceTree = "<group>"; };
		3B22108A21FE5C450049FDD4 /* MyTableVC.swift */ = {isa = PBXFileReference; lastKnownFileType = sourcecode.swift; path = MyTableVC.swift; sourceTree = "<group>"; };
		3B22108D21FE5C450049FDD4 /* Base */ = {isa = PBXFileReference; lastKnownFileType = file.storyboard; name = Base; path = Base.lproj/Main.storyboard; sourceTree = "<group>"; };
		3B22109021FE5C450049FDD4 /* CoreData_190127.xcdatamodel */ = {isa = PBXFileReference; lastKnownFileType = wrapper.xcdatamodel; path = CoreData_190127.xcdatamodel; sourceTree = "<group>"; };
		3B22109221FE5C460049FDD4 /* Assets.xcassets */ = {isa = PBXFileReference; lastKnownFileType = folder.assetcatalog; path = Assets.xcassets; sourceTree = "<group>"; };
		3B22109521FE5C460049FDD4 /* Base */ = {isa = PBXFileReference; lastKnownFileType = file.storyboard; name = Base; path = Base.lproj/LaunchScreen.storyboard; sourceTree = "<group>"; };
		3B22109721FE5C460049FDD4 /* Info.plist */ = {isa = PBXFileReference; lastKnownFileType = text.plist.xml; path = Info.plist; sourceTree = "<group>"; };
		3BF33C8121FFC38D0097B0C1 /* CategoryTableVC.swift */ = {isa = PBXFileReference; lastKnownFileType = sourcecode.swift; path = CategoryTableVC.swift; sourceTree = "<group>"; };
/* End PBXFileReference section */

/* Begin PBXFrameworksBuildPhase section */
		3B22108221FE5C450049FDD4 /* Frameworks */ = {
			isa = PBXFrameworksBuildPhase;
			buildActionMask = 2147483647;
			files = (
			);
			runOnlyForDeploymentPostprocessing = 0;
		};
/* End PBXFrameworksBuildPhase section */

/* Begin PBXGroup section */
		3B22107C21FE5C450049FDD4 = {
			isa = PBXGroup;
			children = (
				3B22108721FE5C450049FDD4 /* CoreData_190127 */,
				3B22108621FE5C450049FDD4 /* Products */,
			);
			sourceTree = "<group>";
		};
		3B22108621FE5C450049FDD4 /* Products */ = {
			isa = PBXGroup;
			children = (
				3B22108521FE5C450049FDD4 /* CoreData_190127.app */,
			);
			name = Products;
			sourceTree = "<group>";
		};
		3B22108721FE5C450049FDD4 /* CoreData_190127 */ = {
			isa = PBXGroup;
			children = (
				3B22108821FE5C450049FDD4 /* AppDelegate.swift */,
				3B22108C21FE5C450049FDD4 /* Main.storyboard */,
				3BF33C8121FFC38D0097B0C1 /* CategoryTableVC.swift */,
				3B22108A21FE5C450049FDD4 /* MyTableVC.swift */,
				3B22109221FE5C460049FDD4 /* Assets.xcassets */,
				3B22109421FE5C460049FDD4 /* LaunchScreen.storyboard */,
				3B22109721FE5C460049FDD4 /* Info.plist */,
				3B22108F21FE5C450049FDD4 /* CoreData_190127.xcdatamodeld */,
			);
			path = CoreData_190127;
			sourceTree = "<group>";
		};
/* End PBXGroup section */

/* Begin PBXNativeTarget section */
		3B22108421FE5C450049FDD4 /* CoreData_190127 */ = {
			isa = PBXNativeTarget;
			buildConfigurationList = 3B22109A21FE5C460049FDD4 /* Build configuration list for PBXNativeTarget "CoreData_190127" */;
			buildPhases = (
				3B22108121FE5C450049FDD4 /* Sources */,
				3B22108221FE5C450049FDD4 /* Frameworks */,
				3B22108321FE5C450049FDD4 /* Resources */,
			);
			buildRules = (
			);
			dependencies = (
			);
			name = CoreData_190127;
			productName = CoreData_190127;
			productReference = 3B22108521FE5C450049FDD4 /* CoreData_190127.app */;
			productType = "com.apple.product-type.application";
		};
/* End PBXNativeTarget section */

/* Begin PBXProject section */
		3B22107D21FE5C450049FDD4 /* Project object */ = {
			isa = PBXProject;
			attributes = {
				LastSwiftUpdateCheck = 1010;
				LastUpgradeCheck = 1010;
				ORGANIZATIONNAME = "Joachim Vetter";
				TargetAttributes = {
					3B22108421FE5C450049FDD4 = {
						CreatedOnToolsVersion = 10.1;
					};
				};
			};
			buildConfigurationList = 3B22108021FE5C450049FDD4 /* Build configuration list for PBXProject "CoreData_190127" */;
			compatibilityVersion = "Xcode 9.3";
			developmentRegion = en;
			hasScannedForEncodings = 0;
			knownRegions = (
				en,
				Base,
			);
			mainGroup = 3B22107C21FE5C450049FDD4;
			productRefGroup = 3B22108621FE5C450049FDD4 /* Products */;
			projectDirPath = "";
			projectRoot = "";
			targets = (
				3B22108421FE5C450049FDD4 /* CoreData_190127 */,
			);
		};
/* End PBXProject section */

/* Begin PBXResourcesBuildPhase section */
		3B22108321FE5C450049FDD4 /* Resources */ = {
			isa = PBXResourcesBuildPhase;
			buildActionMask = 2147483647;
			files = (
				3B22109621FE5C460049FDD4 /* LaunchScreen.storyboard in Resources */,
				3B22109321FE5C460049FDD4 /* Assets.xcassets in Resources */,
				3B22108E21FE5C450049FDD4 /* Main.storyboard in Resources */,
			);
			runOnlyForDeploymentPostprocessing = 0;
		};
/* End PBXResourcesBuildPhase section */

/* Begin PBXSourcesBuildPhase section */
		3B22108121FE5C450049FDD4 /* Sources */ = {
			isa = PBXSourcesBuildPhase;
			buildActionMask = 2147483647;
			files = (
				3B22108B21FE5C450049FDD4 /* MyTableVC.swift in Sources */,
				3B22108921FE5C450049FDD4 /* AppDelegate.swift in Sources */,
				3B22109121FE5C450049FDD4 /* CoreData_190127.xcdatamodeld in Sources */,
				3BF33C8221FFC38D0097B0C1 /* CategoryTableVC.swift in Sources */,
			);
			runOnlyForDeploymentPostprocessing = 0;
		};
/* End PBXSourcesBuildPhase section */

/* Begin PBXVariantGroup section */
		3B22108C21FE5C450049FDD4 /* Main.storyboard */ = {
			isa = PBXVariantGroup;
			children = (
				3B22108D21FE5C450049FDD4 /* Base */,
			);
			name = Main.storyboard;
			sourceTree = "<group>";
		};
		3B22109421FE5C460049FDD4 /* LaunchScreen.storyboard */ = {
			isa = PBXVariantGroup;
			children = (
				3B22109521FE5C460049FDD4 /* Base */,
			);
			name = LaunchScreen.storyboard;
			sourceTree = "<group>";
		};
/* End PBXVariantGroup section */

/* Begin XCBuildConfiguration section */
		3B22109821FE5C460049FDD4 /* Debug */ = {
			isa = XCBuildConfiguration;
			buildSettings = {
				ALWAYS_SEARCH_USER_PATHS = NO;
				CLANG_ANALYZER_NONNULL = YES;
				CLANG_ANALYZER_NUMBER_OBJECT_CONVERSION = YES_AGGRESSIVE;
				CLANG_CXX_LANGUAGE_STANDARD = "gnu++14";
				CLANG_CXX_LIBRARY = "libc++";
				CLANG_ENABLE_MODULES = YES;
				CLANG_ENABLE_OBJC_ARC = YES;
				CLANG_ENABLE_OBJC_WEAK = YES;
				CLANG_WARN_BLOCK_CAPTURE_AUTORELEASING = YES;
				CLANG_WARN_BOOL_CONVERSION = YES;
				CLANG_WARN_COMMA = YES;
				CLANG_WARN_CONSTANT_CONVERSION = YES;
				CLANG_WARN_DEPRECATED_OBJC_IMPLEMENTATIONS = YES;
				CLANG_WARN_DIRECT_OBJC_ISA_USAGE = YES_ERROR;
				CLANG_WARN_DOCUMENTATION_COMMENTS = YES;
				CLANG_WARN_EMPTY_BODY = YES;
				CLANG_WARN_ENUM_CONVERSION = YES;
				CLANG_WARN_INFINITE_RECURSION = YES;
				CLANG_WARN_INT_CONVERSION = YES;
				CLANG_WARN_NON_LITERAL_NULL_CONVERSION = YES;
				CLANG_WARN_OBJC_IMPLICIT_RETAIN_SELF = YES;
				CLANG_WARN_OBJC_LITERAL_CONVERSION = YES;
				CLANG_WARN_OBJC_ROOT_CLASS = YES_ERROR;
				CLANG_WARN_RANGE_LOOP_ANALYSIS = YES;
				CLANG_WARN_STRICT_PROTOTYPES = YES;
				CLANG_WARN_SUSPICIOUS_MOVE = YES;
				CLANG_WARN_UNGUARDED_AVAILABILITY = YES_AGGRESSIVE;
				CLANG_WARN_UNREACHABLE_CODE = YES;
				CLANG_WARN__DUPLICATE_METHOD_MATCH = YES;
				CODE_SIGN_IDENTITY = "iPhone Developer";
				COPY_PHASE_STRIP = NO;
				DEBUG_INFORMATION_FORMAT = dwarf;
				ENABLE_STRICT_OBJC_MSGSEND = YES;
				ENABLE_TESTABILITY = YES;
				GCC_C_LANGUAGE_STANDARD = gnu11;
				GCC_DYNAMIC_NO_PIC = NO;
				GCC_NO_COMMON_BLOCKS = YES;
				GCC_OPTIMIZATION_LEVEL = 0;
				GCC_PREPROCESSOR_DEFINITIONS = (
					"DEBUG=1",
					"$(inherited)",
				);
				GCC_WARN_64_TO_32_BIT_CONVERSION = YES;
				GCC_WARN_ABOUT_RETURN_TYPE = YES_ERROR;
				GCC_WARN_UNDECLARED_SELECTOR = YES;
				GCC_WARN_UNINITIALIZED_AUTOS = YES_AGGRESSIVE;
				GCC_WARN_UNUSED_FUNCTION = YES;
				GCC_WARN_UNUSED_VARIABLE = YES;
				IPHONEOS_DEPLOYMENT_TARGET = 12.1;
				MTL_ENABLE_DEBUG_INFO = INCLUDE_SOURCE;
				MTL_FAST_MATH = YES;
				ONLY_ACTIVE_ARCH = YES;
				SDKROOT = iphoneos;
				SWIFT_ACTIVE_COMPILATION_CONDITIONS = DEBUG;
				SWIFT_OPTIMIZATION_LEVEL = "-Onone";
			};
			name = Debug;
		};
		3B22109921FE5C460049FDD4 /* Release */ = {
			isa = XCBuildConfiguration;
			buildSettings = {
				ALWAYS_SEARCH_USER_PATHS = NO;
				CLANG_ANALYZER_NONNULL = YES;
				CLANG_ANALYZER_NUMBER_OBJECT_CONVERSION = YES_AGGRESSIVE;
				CLANG_CXX_LANGUAGE_STANDARD = "gnu++14";
				CLANG_CXX_LIBRARY = "libc++";
				CLANG_ENABLE_MODULES = YES;
				CLANG_ENABLE_OBJC_ARC = YES;
				CLANG_ENABLE_OBJC_WEAK = YES;
				CLANG_WARN_BLOCK_CAPTURE_AUTORELEASING = YES;
				CLANG_WARN_BOOL_CONVERSION = YES;
				CLANG_WARN_COMMA = YES;
				CLANG_WARN_CONSTANT_CONVERSION = YES;
				CLANG_WARN_DEPRECATED_OBJC_IMPLEMENTATIONS = YES;
				CLANG_WARN_DIRECT_OBJC_ISA_USAGE = YES_ERROR;
				CLANG_WARN_DOCUMENTATION_COMMENTS = YES;
				CLANG_WARN_EMPTY_BODY = YES;
				CLANG_WARN_ENUM_CONVERSION = YES;
				CLANG_WARN_INFINITE_RECURSION = YES;
				CLANG_WARN_INT_CONVERSION = YES;
				CLANG_WARN_NON_LITERAL_NULL_CONVERSION = YES;
				CLANG_WARN_OBJC_IMPLICIT_RETAIN_SELF = YES;
				CLANG_WARN_OBJC_LITERAL_CONVERSION = YES;
				CLANG_WARN_OBJC_ROOT_CLASS = YES_ERROR;
				CLANG_WARN_RANGE_LOOP_ANALYSIS = YES;
				CLANG_WARN_STRICT_PROTOTYPES = YES;
				CLANG_WARN_SUSPICIOUS_MOVE = YES;
				CLANG_WARN_UNGUARDED_AVAILABILITY = YES_AGGRESSIVE;
				CLANG_WARN_UNREACHABLE_CODE = YES;
				CLANG_WARN__DUPLICATE_METHOD_MATCH = YES;
				CODE_SIGN_IDENTITY = "iPhone Developer";
				COPY_PHASE_STRIP = NO;
				DEBUG_INFORMATION_FORMAT = "dwarf-with-dsym";
				ENABLE_NS_ASSERTIONS = NO;
				ENABLE_STRICT_OBJC_MSGSEND = YES;
				GCC_C_LANGUAGE_STANDARD = gnu11;
				GCC_NO_COMMON_BLOCKS = YES;
				GCC_WARN_64_TO_32_BIT_CONVERSION = YES;
				GCC_WARN_ABOUT_RETURN_TYPE = YES_ERROR;
				GCC_WARN_UNDECLARED_SELECTOR = YES;
				GCC_WARN_UNINITIALIZED_AUTOS = YES_AGGRESSIVE;
				GCC_WARN_UNUSED_FUNCTION = YES;
				GCC_WARN_UNUSED_VARIABLE = YES;
				IPHONEOS_DEPLOYMENT_TARGET = 12.1;
				MTL_ENABLE_DEBUG_INFO = NO;
				MTL_FAST_MATH = YES;
				SDKROOT = iphoneos;
				SWIFT_COMPILATION_MODE = wholemodule;
				SWIFT_OPTIMIZATION_LEVEL = "-O";
				VALIDATE_PRODUCT = YES;
			};
			name = Release;
		};
		3B22109B21FE5C460049FDD4 /* Debug */ = {
			isa = XCBuildConfiguration;
			buildSettings = {
				ASSETCATALOG_COMPILER_APPICON_NAME = AppIcon;
				CODE_SIGN_STYLE = Automatic;
				DEVELOPMENT_TEAM = VP93YUY9BE;
				INFOPLIST_FILE = CoreData_190127/Info.plist;
				LD_RUNPATH_SEARCH_PATHS = (
					"$(inherited)",
					"@executable_path/Frameworks",
				);
				PRODUCT_BUNDLE_IDENTIFIER = "com.myswift4.CoreData-190127";
				PRODUCT_NAME = "$(TARGET_NAME)";
				SWIFT_VERSION = 4.2;
				TARGETED_DEVICE_FAMILY = "1,2";
			};
			name = Debug;
		};
		3B22109C21FE5C460049FDD4 /* Release */ = {
			isa = XCBuildConfiguration;
			buildSettings = {
				ASSETCATALOG_COMPILER_APPICON_NAME = AppIcon;
				CODE_SIGN_STYLE = Automatic;
				DEVELOPMENT_TEAM = VP93YUY9BE;
				INFOPLIST_FILE = CoreData_190127/Info.plist;
				LD_RUNPATH_SEARCH_PATHS = (
					"$(inherited)",
					"@executable_path/Frameworks",
				);
				PRODUCT_BUNDLE_IDENTIFIER = "com.myswift4.CoreData-190127";
				PRODUCT_NAME = "$(TARGET_NAME)";
				SWIFT_VERSION = 4.2;
				TARGETED_DEVICE_FAMILY = "1,2";
			};
			name = Release;
		};
/* End XCBuildConfiguration section */

/* Begin XCConfigurationList section */
		3B22108021FE5C450049FDD4 /* Build configuration list for PBXProject "CoreData_190127" */ = {
			isa = XCConfigurationList;
			buildConfigurations = (
				3B22109821FE5C460049FDD4 /* Debug */,
				3B22109921FE5C460049FDD4 /* Release */,
			);
			defaultConfigurationIsVisible = 0;
			defaultConfigurationName = Release;
		};
		3B22109A21FE5C460049FDD4 /* Build configuration list for PBXNativeTarget "CoreData_190127" */ = {
			isa = XCConfigurationList;
			buildConfigurations = (
				3B22109B21FE5C460049FDD4 /* Debug */,
				3B22109C21FE5C460049FDD4 /* Release */,
			);
			defaultConfigurationIsVisible = 0;
			defaultConfigurationName = Release;
		};
/* End XCConfigurationList section */

/* Begin XCVersionGroup section */
		3B22108F21FE5C450049FDD4 /* CoreData_190127.xcdatamodeld */ = {
			isa = XCVersionGroup;
			children = (
				3B22109021FE5C450049FDD4 /* CoreData_190127.xcdatamodel */,
			);
			currentVersion = 3B22109021FE5C450049FDD4 /* CoreData_190127.xcdatamodel */;
			path = CoreData_190127.xcdatamodeld;
			sourceTree = "<group>";
			versionGroupType = wrapper.xcdatamodel;
		};
/* End XCVersionGroup section */
	};
	rootObject = 3B22107D21FE5C450049FDD4 /* Project object */;
}
